# This file is generated by running "yarn install" inside your project.
# Manual changes might be lost - proceed with caution!

__metadata:
  version: 6
  cacheKey: 8

"@actions/core@npm:^1.11.1":
  version: 1.11.1
  resolution: "@actions/core@npm:1.11.1"
  dependencies:
    "@actions/exec": ^1.1.1
    "@actions/http-client": ^2.0.1
  checksum: 9ac7a3e0b478bfefd862dcb4ddaa1d8c3f9076bb1931d3d280918d1749e7783480c6a009c1b009c8bf5093e2d77d9f4e023d70416145bf246f0071736d4ef839
  languageName: node
  linkType: hard

"@actions/exec@npm:^1.1.1":
  version: 1.1.1
  resolution: "@actions/exec@npm:1.1.1"
  dependencies:
    "@actions/io": ^1.0.1
  checksum: d976e66dd51ab03d76a143da8e1406daa1bcdee06046168e6e0bec681c87a12999eefaad7a81cb81f28e4190610f55a58b8458ae4b82cbaaba13200490f4e8c2
  languageName: node
  linkType: hard

"@actions/github@npm:^6.0.0":
  version: 6.0.0
  resolution: "@actions/github@npm:6.0.0"
  dependencies:
    "@actions/http-client": ^2.2.0
    "@octokit/core": ^5.0.1
    "@octokit/plugin-paginate-rest": ^9.0.0
    "@octokit/plugin-rest-endpoint-methods": ^10.0.0
  checksum: 81831a78377175d8825fc0b94247ff366c0e87ad1dfa48df9b30b8659506f216dcf1e2d3124fcd318839b92c24ba20165e238b3cc11a34db89c69c40825e9ccf
  languageName: node
  linkType: hard

"@actions/http-client@npm:^2.0.1, @actions/http-client@npm:^2.2.0":
  version: 2.2.3
  resolution: "@actions/http-client@npm:2.2.3"
  dependencies:
    tunnel: ^0.0.6
    undici: ^5.25.4
  checksum: 5d395df575d30ae599efa10dd715e72944b015e753db61f0a823f737acbb0e99743d4a9f25e812b18ec8cc34f86c73565d075c449e01ffa891577b6595212dde
  languageName: node
  linkType: hard

"@actions/io@npm:^1.0.1":
  version: 1.1.3
  resolution: "@actions/io@npm:1.1.3"
  checksum: 42841ac2b8a7afb29456b9edb5534dbe00148893c794bdbc17d29166847c51c884e2a7c087a489a428250a78e7b54bc761ba3b55eb2f97d9600e9193b60caf0b
  languageName: node
  linkType: hard

"@esbuild/aix-ppc64@npm:0.25.0":
  version: 0.25.0
  resolution: "@esbuild/aix-ppc64@npm:0.25.0"
  conditions: os=aix & cpu=ppc64
  languageName: node
  linkType: hard

"@esbuild/android-arm64@npm:0.25.0":
  version: 0.25.0
  resolution: "@esbuild/android-arm64@npm:0.25.0"
  conditions: os=android & cpu=arm64
  languageName: node
  linkType: hard

"@esbuild/android-arm@npm:0.25.0":
  version: 0.25.0
  resolution: "@esbuild/android-arm@npm:0.25.0"
  conditions: os=android & cpu=arm
  languageName: node
  linkType: hard

"@esbuild/android-x64@npm:0.25.0":
  version: 0.25.0
  resolution: "@esbuild/android-x64@npm:0.25.0"
  conditions: os=android & cpu=x64
  languageName: node
  linkType: hard

"@esbuild/darwin-arm64@npm:0.25.0":
  version: 0.25.0
  resolution: "@esbuild/darwin-arm64@npm:0.25.0"
  conditions: os=darwin & cpu=arm64
  languageName: node
  linkType: hard

"@esbuild/darwin-x64@npm:0.25.0":
  version: 0.25.0
  resolution: "@esbuild/darwin-x64@npm:0.25.0"
  conditions: os=darwin & cpu=x64
  languageName: node
  linkType: hard

"@esbuild/freebsd-arm64@npm:0.25.0":
  version: 0.25.0
  resolution: "@esbuild/freebsd-arm64@npm:0.25.0"
  conditions: os=freebsd & cpu=arm64
  languageName: node
  linkType: hard

"@esbuild/freebsd-x64@npm:0.25.0":
  version: 0.25.0
  resolution: "@esbuild/freebsd-x64@npm:0.25.0"
  conditions: os=freebsd & cpu=x64
  languageName: node
  linkType: hard

"@esbuild/linux-arm64@npm:0.25.0":
  version: 0.25.0
  resolution: "@esbuild/linux-arm64@npm:0.25.0"
  conditions: os=linux & cpu=arm64
  languageName: node
  linkType: hard

"@esbuild/linux-arm@npm:0.25.0":
  version: 0.25.0
  resolution: "@esbuild/linux-arm@npm:0.25.0"
  conditions: os=linux & cpu=arm
  languageName: node
  linkType: hard

"@esbuild/linux-ia32@npm:0.25.0":
  version: 0.25.0
  resolution: "@esbuild/linux-ia32@npm:0.25.0"
  conditions: os=linux & cpu=ia32
  languageName: node
  linkType: hard

"@esbuild/linux-loong64@npm:0.25.0":
  version: 0.25.0
  resolution: "@esbuild/linux-loong64@npm:0.25.0"
  conditions: os=linux & cpu=loong64
  languageName: node
  linkType: hard

"@esbuild/linux-mips64el@npm:0.25.0":
  version: 0.25.0
  resolution: "@esbuild/linux-mips64el@npm:0.25.0"
  conditions: os=linux & cpu=mips64el
  languageName: node
  linkType: hard

"@esbuild/linux-ppc64@npm:0.25.0":
  version: 0.25.0
  resolution: "@esbuild/linux-ppc64@npm:0.25.0"
  conditions: os=linux & cpu=ppc64
  languageName: node
  linkType: hard

"@esbuild/linux-riscv64@npm:0.25.0":
  version: 0.25.0
  resolution: "@esbuild/linux-riscv64@npm:0.25.0"
  conditions: os=linux & cpu=riscv64
  languageName: node
  linkType: hard

"@esbuild/linux-s390x@npm:0.25.0":
  version: 0.25.0
  resolution: "@esbuild/linux-s390x@npm:0.25.0"
  conditions: os=linux & cpu=s390x
  languageName: node
  linkType: hard

"@esbuild/linux-x64@npm:0.25.0":
  version: 0.25.0
  resolution: "@esbuild/linux-x64@npm:0.25.0"
  conditions: os=linux & cpu=x64
  languageName: node
  linkType: hard

"@esbuild/netbsd-arm64@npm:0.25.0":
  version: 0.25.0
  resolution: "@esbuild/netbsd-arm64@npm:0.25.0"
  conditions: os=netbsd & cpu=arm64
  languageName: node
  linkType: hard

"@esbuild/netbsd-x64@npm:0.25.0":
  version: 0.25.0
  resolution: "@esbuild/netbsd-x64@npm:0.25.0"
  conditions: os=netbsd & cpu=x64
  languageName: node
  linkType: hard

"@esbuild/openbsd-arm64@npm:0.25.0":
  version: 0.25.0
  resolution: "@esbuild/openbsd-arm64@npm:0.25.0"
  conditions: os=openbsd & cpu=arm64
  languageName: node
  linkType: hard

"@esbuild/openbsd-x64@npm:0.25.0":
  version: 0.25.0
  resolution: "@esbuild/openbsd-x64@npm:0.25.0"
  conditions: os=openbsd & cpu=x64
  languageName: node
  linkType: hard

"@esbuild/sunos-x64@npm:0.25.0":
  version: 0.25.0
  resolution: "@esbuild/sunos-x64@npm:0.25.0"
  conditions: os=sunos & cpu=x64
  languageName: node
  linkType: hard

"@esbuild/win32-arm64@npm:0.25.0":
  version: 0.25.0
  resolution: "@esbuild/win32-arm64@npm:0.25.0"
  conditions: os=win32 & cpu=arm64
  languageName: node
  linkType: hard

"@esbuild/win32-ia32@npm:0.25.0":
  version: 0.25.0
  resolution: "@esbuild/win32-ia32@npm:0.25.0"
  conditions: os=win32 & cpu=ia32
  languageName: node
  linkType: hard

"@esbuild/win32-x64@npm:0.25.0":
  version: 0.25.0
  resolution: "@esbuild/win32-x64@npm:0.25.0"
  conditions: os=win32 & cpu=x64
  languageName: node
  linkType: hard

"@fastify/busboy@npm:^2.0.0":
  version: 2.1.1
  resolution: "@fastify/busboy@npm:2.1.1"
  checksum: 42c32ef75e906c9a4809c1e1930a5ca6d4ddc8d138e1a8c8ba5ea07f997db32210617d23b2e4a85fe376316a41a1a0439fc6ff2dedf5126d96f45a9d80754fb2
  languageName: node
  linkType: hard

"@octokit/auth-token@npm:^4.0.0":
  version: 4.0.0
  resolution: "@octokit/auth-token@npm:4.0.0"
  checksum: d78f4dc48b214d374aeb39caec4fdbf5c1e4fd8b9fcb18f630b1fe2cbd5a880fca05445f32b4561f41262cb551746aeb0b49e89c95c6dd99299706684d0cae2f
  languageName: node
  linkType: hard

"@octokit/core@npm:^5.0.1":
  version: 5.2.0
  resolution: "@octokit/core@npm:5.2.0"
  dependencies:
    "@octokit/auth-token": ^4.0.0
    "@octokit/graphql": ^7.1.0
    "@octokit/request": ^8.3.1
    "@octokit/request-error": ^5.1.0
    "@octokit/types": ^13.0.0
    before-after-hook: ^2.2.0
    universal-user-agent: ^6.0.0
  checksum: 57d5f02b759b569323dcb76cc72bf94ea7d0de58638c118ee14ec3e37d303c505893137dd72918328794844f35c74b3cd16999319c4b40d410a310d44a9b7566
  languageName: node
  linkType: hard

"@octokit/endpoint@npm:^9.0.6":
  version: 9.0.6
  resolution: "@octokit/endpoint@npm:9.0.6"
  dependencies:
    "@octokit/types": ^13.1.0
    universal-user-agent: ^6.0.0
  checksum: f853c08f0777a8cc7c3d2509835d478e11a76d722f807d4f2ad7c0e64bf4dd159536409f466b367a907886aa3b78574d3d09ed95ac462c769e4fccaaad81e72a
  languageName: node
  linkType: hard

"@octokit/graphql@npm:^7.1.0":
  version: 7.1.1
  resolution: "@octokit/graphql@npm:7.1.1"
  dependencies:
    "@octokit/request": ^8.4.1
    "@octokit/types": ^13.0.0
    universal-user-agent: ^6.0.0
  checksum: afb60d5dda6d365334480540610d67b0c5f8e3977dd895fe504ce988f8b7183f29f3b16b88d895a701a739cf29d157d49f8f9fbc71b6c57eb4fc9bd97e099f55
  languageName: node
  linkType: hard

"@octokit/openapi-types@npm:^20.0.0":
  version: 20.0.0
  resolution: "@octokit/openapi-types@npm:20.0.0"
  checksum: 23ff7613750f8b5790a0cbed5a2048728a7909e50d726932831044908357a932c7fc0613fb7b86430a49d31b3d03a180632ea5dd936535bfbc1176391a199e96
  languageName: node
  linkType: hard

"@octokit/openapi-types@npm:^23.0.1":
  version: 23.0.1
  resolution: "@octokit/openapi-types@npm:23.0.1"
  checksum: 1e6766c60375375d85ecabded67d9ee313cf9401c18a44534b942717cf840d41b5a9d42035522efffe6b811ee2204d4615f72c333e984e81b25545926eb77989
  languageName: node
  linkType: hard

"@octokit/plugin-paginate-rest@npm:^9.0.0":
  version: 9.2.2
  resolution: "@octokit/plugin-paginate-rest@npm:9.2.2"
  dependencies:
    "@octokit/types": ^12.6.0
  peerDependencies:
    "@octokit/core": 5
  checksum: ea2a3ebf6abc128a1996c5ff7148ebe755ee2ed001aa0c1d3088d67a9d78b093d84820e3ec73bfb165ca8774943a1158afdae4cf7b90b0a07f12ebbe1d8a428b
  languageName: node
  linkType: hard

"@octokit/plugin-rest-endpoint-methods@npm:^10.0.0":
  version: 10.4.1
  resolution: "@octokit/plugin-rest-endpoint-methods@npm:10.4.1"
  dependencies:
    "@octokit/types": ^12.6.0
  peerDependencies:
    "@octokit/core": 5
  checksum: 3e0e95515ccb7fdd5e5cff32a5e34a688fd275c6703caf786f7c49820e2bf2a66e7d845ba4eae4d03c307c1950ea417e34a17055b25b46e2019123b75b394c56
  languageName: node
  linkType: hard

"@octokit/request-error@npm:^5.1.0, @octokit/request-error@npm:^5.1.1":
  version: 5.1.1
  resolution: "@octokit/request-error@npm:5.1.1"
  dependencies:
    "@octokit/types": ^13.1.0
    deprecation: ^2.0.0
    once: ^1.4.0
  checksum: 17d0b3f59c2a8a285715bfe6a85168d9c417aa7a0ff553b9be4198a3bc8bb00384a3530221a448eb19f8f07ea9fc48d264869624f5f84fa63a948a7af8cddc8c
  languageName: node
  linkType: hard

"@octokit/request@npm:^8.3.1, @octokit/request@npm:^8.4.1":
  version: 8.4.1
  resolution: "@octokit/request@npm:8.4.1"
  dependencies:
    "@octokit/endpoint": ^9.0.6
    "@octokit/request-error": ^5.1.1
    "@octokit/types": ^13.1.0
    universal-user-agent: ^6.0.0
  checksum: 0ba76728583543baeef9fda98690bc86c57e0a3ccac8c189d2b7d144d248c89167eb37a071ed8fead8f4da0a1c55c4dd98a8fc598769c263b95179fb200959de
  languageName: node
  linkType: hard

"@octokit/types@npm:^12.6.0":
  version: 12.6.0
  resolution: "@octokit/types@npm:12.6.0"
  dependencies:
    "@octokit/openapi-types": ^20.0.0
  checksum: 850235f425584499a2266d5c585c1c2462ae11e25c650567142f3342cb9ce589c8c8fed87705811ca93271fd28c68e1fa77b88b67b97015d7b63d269fa46ed05
  languageName: node
  linkType: hard

"@octokit/types@npm:^13.0.0, @octokit/types@npm:^13.1.0":
  version: 13.8.0
  resolution: "@octokit/types@npm:13.8.0"
  dependencies:
    "@octokit/openapi-types": ^23.0.1
  checksum: be5fb327d0e39765e06f5a314556a273ff2bfb9ce4fd5a6e52c237d2f20a4c329493a8bde2c595cb82a5022f07ee6495dfff07ce24e3de4660c9ead913e3db0d
  languageName: node
  linkType: hard

"@types/node@npm:^22.13.8":
  version: 22.13.8
  resolution: "@types/node@npm:22.13.8"
  dependencies:
    undici-types: ~6.20.0
  checksum: 6c07f95d88f1e286ec4517b35c8b53075e6076855fc52536c1ffad0e6b9091ec9ac2a0dd681b47e57da9196868c69342711a51ef1545f157aa893b5c546b8a36
  languageName: node
  linkType: hard

"agent-base@npm:^7.1.2":
  version: 7.1.3
  resolution: "agent-base@npm:7.1.3"
  checksum: 87bb7ee54f5ecf0ccbfcba0b07473885c43ecd76cb29a8db17d6137a19d9f9cd443a2a7c5fd8a3f24d58ad8145f9eb49116344a66b107e1aeab82cf2383f4753
  languageName: node
  linkType: hard

"base64-js@npm:^1.3.0":
  version: 1.5.1
  resolution: "base64-js@npm:1.5.1"
  checksum: 669632eb3745404c2f822a18fc3a0122d2f9a7a13f7fb8b5823ee19d1d2ff9ee5b52c53367176ea4ad093c332fd5ab4bd0ebae5a8e27917a4105a4cfc86b1005
  languageName: node
  linkType: hard

"before-after-hook@npm:^2.2.0":
  version: 2.2.3
  resolution: "before-after-hook@npm:2.2.3"
  checksum: a1a2430976d9bdab4cd89cb50d27fa86b19e2b41812bf1315923b0cba03371ebca99449809226425dd3bcef20e010db61abdaff549278e111d6480034bebae87
  languageName: node
  linkType: hard

"bignumber.js@npm:^9.0.0":
  version: 9.1.2
  resolution: "bignumber.js@npm:9.1.2"
  checksum: 582c03af77ec9cb0ebd682a373ee6c66475db94a4325f92299621d544aa4bd45cb45fd60001610e94aef8ae98a0905fa538241d9638d4422d57abbeeac6fadaf
  languageName: node
  linkType: hard

"buffer-equal-constant-time@npm:1.0.1":
  version: 1.0.1
  resolution: "buffer-equal-constant-time@npm:1.0.1"
  checksum: 80bb945f5d782a56f374b292770901065bad21420e34936ecbe949e57724b4a13874f735850dd1cc61f078773c4fb5493a41391e7bda40d1fa388d6bd80daaab
  languageName: node
  linkType: hard

"call-bind-apply-helpers@npm:^1.0.1, call-bind-apply-helpers@npm:^1.0.2":
  version: 1.0.2
  resolution: "call-bind-apply-helpers@npm:1.0.2"
  dependencies:
    es-errors: ^1.3.0
    function-bind: ^1.1.2
  checksum: b2863d74fcf2a6948221f65d95b91b4b2d90cfe8927650b506141e669f7d5de65cea191bf788838bc40d13846b7886c5bc5c84ab96c3adbcf88ad69a72fcdc6b
  languageName: node
  linkType: hard

"call-bound@npm:^1.0.2":
  version: 1.0.3
  resolution: "call-bound@npm:1.0.3"
  dependencies:
    call-bind-apply-helpers: ^1.0.1
    get-intrinsic: ^1.2.6
  checksum: a93bbe0f2d0a2d6c144a4349ccd0593d5d0d5d9309b69101710644af8964286420062f2cc3114dca120b9bc8cc07507952d4b1b3ea7672e0d7f6f1675efedb32
  languageName: node
  linkType: hard

"debug@npm:4":
  version: 4.4.0
  resolution: "debug@npm:4.4.0"
  dependencies:
    ms: ^2.1.3
  peerDependenciesMeta:
    supports-color:
      optional: true
  checksum: fb42df878dd0e22816fc56e1fdca9da73caa85212fbe40c868b1295a6878f9101ae684f4eeef516c13acfc700f5ea07f1136954f43d4cd2d477a811144136479
  languageName: node
  linkType: hard

"deprecation@npm:^2.0.0":
  version: 2.3.1
  resolution: "deprecation@npm:2.3.1"
  checksum: f56a05e182c2c195071385455956b0c4106fe14e36245b00c689ceef8e8ab639235176a96977ba7c74afb173317fac2e0ec6ec7a1c6d1e6eaa401c586c714132
  languageName: node
  linkType: hard

"dunder-proto@npm:^1.0.1":
  version: 1.0.1
  resolution: "dunder-proto@npm:1.0.1"
  dependencies:
    call-bind-apply-helpers: ^1.0.1
    es-errors: ^1.3.0
    gopd: ^1.2.0
  checksum: 149207e36f07bd4941921b0ca929e3a28f1da7bd6b6ff8ff7f4e2f2e460675af4576eeba359c635723dc189b64cdd4787e0255897d5b135ccc5d15cb8685fc90
  languageName: node
  linkType: hard

"ecdsa-sig-formatter@npm:1.0.11, ecdsa-sig-formatter@npm:^1.0.11":
  version: 1.0.11
  resolution: "ecdsa-sig-formatter@npm:1.0.11"
  dependencies:
    safe-buffer: ^5.0.1
  checksum: 207f9ab1c2669b8e65540bce29506134613dd5f122cccf1e6a560f4d63f2732d427d938f8481df175505aad94583bcb32c688737bb39a6df0625f903d6d93c03
  languageName: node
  linkType: hard

"es-define-property@npm:^1.0.1":
  version: 1.0.1
  resolution: "es-define-property@npm:1.0.1"
  checksum: 0512f4e5d564021c9e3a644437b0155af2679d10d80f21adaf868e64d30efdfbd321631956f20f42d655fedb2e3a027da479fad3fa6048f768eb453a80a5f80a
  languageName: node
  linkType: hard

"es-errors@npm:^1.3.0":
  version: 1.3.0
  resolution: "es-errors@npm:1.3.0"
  checksum: ec1414527a0ccacd7f15f4a3bc66e215f04f595ba23ca75cdae0927af099b5ec865f9f4d33e9d7e86f512f252876ac77d4281a7871531a50678132429b1271b5
  languageName: node
  linkType: hard

"es-object-atoms@npm:^1.0.0, es-object-atoms@npm:^1.1.1":
  version: 1.1.1
  resolution: "es-object-atoms@npm:1.1.1"
  dependencies:
    es-errors: ^1.3.0
  checksum: 214d3767287b12f36d3d7267ef342bbbe1e89f899cfd67040309fc65032372a8e60201410a99a1645f2f90c1912c8c49c8668066f6bdd954bcd614dda2e3da97
  languageName: node
  linkType: hard

"esbuild@npm:^0.25.0":
  version: 0.25.0
  resolution: "esbuild@npm:0.25.0"
  dependencies:
    "@esbuild/aix-ppc64": 0.25.0
    "@esbuild/android-arm": 0.25.0
    "@esbuild/android-arm64": 0.25.0
    "@esbuild/android-x64": 0.25.0
    "@esbuild/darwin-arm64": 0.25.0
    "@esbuild/darwin-x64": 0.25.0
    "@esbuild/freebsd-arm64": 0.25.0
    "@esbuild/freebsd-x64": 0.25.0
    "@esbuild/linux-arm": 0.25.0
    "@esbuild/linux-arm64": 0.25.0
    "@esbuild/linux-ia32": 0.25.0
    "@esbuild/linux-loong64": 0.25.0
    "@esbuild/linux-mips64el": 0.25.0
    "@esbuild/linux-ppc64": 0.25.0
    "@esbuild/linux-riscv64": 0.25.0
    "@esbuild/linux-s390x": 0.25.0
    "@esbuild/linux-x64": 0.25.0
    "@esbuild/netbsd-arm64": 0.25.0
    "@esbuild/netbsd-x64": 0.25.0
    "@esbuild/openbsd-arm64": 0.25.0
    "@esbuild/openbsd-x64": 0.25.0
    "@esbuild/sunos-x64": 0.25.0
    "@esbuild/win32-arm64": 0.25.0
    "@esbuild/win32-ia32": 0.25.0
    "@esbuild/win32-x64": 0.25.0
  dependenciesMeta:
    "@esbuild/aix-ppc64":
      optional: true
    "@esbuild/android-arm":
      optional: true
    "@esbuild/android-arm64":
      optional: true
    "@esbuild/android-x64":
      optional: true
    "@esbuild/darwin-arm64":
      optional: true
    "@esbuild/darwin-x64":
      optional: true
    "@esbuild/freebsd-arm64":
      optional: true
    "@esbuild/freebsd-x64":
      optional: true
    "@esbuild/linux-arm":
      optional: true
    "@esbuild/linux-arm64":
      optional: true
    "@esbuild/linux-ia32":
      optional: true
    "@esbuild/linux-loong64":
      optional: true
    "@esbuild/linux-mips64el":
      optional: true
    "@esbuild/linux-ppc64":
      optional: true
    "@esbuild/linux-riscv64":
      optional: true
    "@esbuild/linux-s390x":
      optional: true
    "@esbuild/linux-x64":
      optional: true
    "@esbuild/netbsd-arm64":
      optional: true
    "@esbuild/netbsd-x64":
      optional: true
    "@esbuild/openbsd-arm64":
      optional: true
    "@esbuild/openbsd-x64":
      optional: true
    "@esbuild/sunos-x64":
      optional: true
    "@esbuild/win32-arm64":
      optional: true
    "@esbuild/win32-ia32":
      optional: true
    "@esbuild/win32-x64":
      optional: true
  bin:
    esbuild: bin/esbuild
  checksum: 4d1e0cb7c059a373ea3edb20ca5efcea29efada03e4ea82b2b8ab1f2f062e4791e9744213308775d26e07a0225a7d8250da93da5c8e07ef61bb93d58caab8cf9
  languageName: node
  linkType: hard

"extend@npm:^3.0.2":
  version: 3.0.2
  resolution: "extend@npm:3.0.2"
  checksum: a50a8309ca65ea5d426382ff09f33586527882cf532931cb08ca786ea3146c0553310bda688710ff61d7668eba9f96b923fe1420cdf56a2c3eaf30fcab87b515
  languageName: node
  linkType: hard

"function-bind@npm:^1.1.2":
  version: 1.1.2
  resolution: "function-bind@npm:1.1.2"
  checksum: 2b0ff4ce708d99715ad14a6d1f894e2a83242e4a52ccfcefaee5e40050562e5f6dafc1adbb4ce2d4ab47279a45dc736ab91ea5042d843c3c092820dfe032efb1
  languageName: node
  linkType: hard

"gaxios@npm:^6.0.0, gaxios@npm:^6.0.3, gaxios@npm:^6.1.1":
  version: 6.7.1
  resolution: "gaxios@npm:6.7.1"
  dependencies:
    extend: ^3.0.2
    https-proxy-agent: ^7.0.1
    is-stream: ^2.0.0
    node-fetch: ^2.6.9
    uuid: ^9.0.1
  checksum: ed5952655339918e0868c6f4e079d6e9e55b20a242ddb1be25076cdfb0dd1ca5a2cb233da7352baa972c19f898a78fa6ba67e7d848717c9ca9877c269b5b02f7
  languageName: node
  linkType: hard

"gcp-metadata@npm:^6.1.0":
  version: 6.1.1
  resolution: "gcp-metadata@npm:6.1.1"
  dependencies:
    gaxios: ^6.1.1
    google-logging-utils: ^0.0.2
    json-bigint: ^1.0.0
  checksum: 7dffe884fd718482b559a841da469dc30e766a4b86c71cda96bed42579763d58f28328238b2eb424c29ba10ef45d4bb8a6586441921734f01012b55bbea79711
  languageName: node
  linkType: hard

"get-intrinsic@npm:^1.2.5, get-intrinsic@npm:^1.2.6":
  version: 1.3.0
  resolution: "get-intrinsic@npm:1.3.0"
  dependencies:
    call-bind-apply-helpers: ^1.0.2
    es-define-property: ^1.0.1
    es-errors: ^1.3.0
    es-object-atoms: ^1.1.1
    function-bind: ^1.1.2
    get-proto: ^1.0.1
    gopd: ^1.2.0
    has-symbols: ^1.1.0
    hasown: ^2.0.2
    math-intrinsics: ^1.1.0
  checksum: 301008e4482bb9a9cb49e132b88fee093bff373b4e6def8ba219b1e96b60158a6084f273ef5cafe832e42cd93462f4accb46a618d35fe59a2b507f2388c5b79d
  languageName: node
  linkType: hard

"get-proto@npm:^1.0.1":
  version: 1.0.1
  resolution: "get-proto@npm:1.0.1"
  dependencies:
    dunder-proto: ^1.0.1
    es-object-atoms: ^1.0.0
  checksum: 4fc96afdb58ced9a67558698b91433e6b037aaa6f1493af77498d7c85b141382cf223c0e5946f334fb328ee85dfe6edd06d218eaf09556f4bc4ec6005d7f5f7b
  languageName: node
  linkType: hard

"gh-deploy-sheet-updater@workspace:.":
  version: 0.0.0-use.local
  resolution: "gh-deploy-sheet-updater@workspace:."
  dependencies:
    "@actions/core": ^1.11.1
    "@actions/github": ^6.0.0
    "@types/node": ^22.13.8
    esbuild: ^0.25.0
    googleapis: ^146.0.0
    typescript: ^5.8.2
  languageName: unknown
  linkType: soft

"google-auth-library@npm:^9.0.0, google-auth-library@npm:^9.7.0":
  version: 9.15.1
  resolution: "google-auth-library@npm:9.15.1"
  dependencies:
    base64-js: ^1.3.0
    ecdsa-sig-formatter: ^1.0.11
    gaxios: ^6.1.1
    gcp-metadata: ^6.1.0
    gtoken: ^7.0.0
    jws: ^4.0.0
  checksum: 1c7660b7d21504a58b6b7780b0ca56f07a4d2b68d2ca14e5c4beaedd45cc4898baa8df1cfaf4dac15413a8db3cecc00e84662d8a327f9b9488ff2df7d8d23c84
  languageName: node
  linkType: hard

"google-logging-utils@npm:^0.0.2":
  version: 0.0.2
  resolution: "google-logging-utils@npm:0.0.2"
  checksum: 270de74cde8abe0a6639b4bebbb6db2c7d8a495cf14b23779450d3d010e759f3ffcb7eb200b1bcb05da1897fa63f3e336df2274f02fc69d3bb388019fa2b3134
  languageName: node
  linkType: hard

"googleapis-common@npm:^7.0.0":
  version: 7.2.0
  resolution: "googleapis-common@npm:7.2.0"
  dependencies:
    extend: ^3.0.2
    gaxios: ^6.0.3
    google-auth-library: ^9.7.0
    qs: ^6.7.0
    url-template: ^2.0.8
    uuid: ^9.0.0
  checksum: 58f520134c9d6f439ef81919471689f0278ef0ffdbd50c693a59282d95141be74df3a5614c25347c140fc44201e0ef998300389f4cbf51502f2351e67c758ab6
  languageName: node
  linkType: hard

"googleapis@npm:^146.0.0":
  version: 146.0.0
  resolution: "googleapis@npm:146.0.0"
  dependencies:
    google-auth-library: ^9.0.0
    googleapis-common: ^7.0.0
  checksum: 511ffaf505e98b6b20be90866f4a05d43a615077a509c0684a0db1844f70993b9e588465276222a1c59ca4a7405e7db231d20b4808f9c48fc22ff6c31e30de2d
  languageName: node
  linkType: hard

"gopd@npm:^1.2.0":
  version: 1.2.0
  resolution: "gopd@npm:1.2.0"
  checksum: cc6d8e655e360955bdccaca51a12a474268f95bb793fc3e1f2bdadb075f28bfd1fd988dab872daf77a61d78cbaf13744bc8727a17cfb1d150d76047d805375f3
  languageName: node
  linkType: hard

"gtoken@npm:^7.0.0":
  version: 7.1.0
  resolution: "gtoken@npm:7.1.0"
  dependencies:
    gaxios: ^6.0.0
    jws: ^4.0.0
  checksum: 1f338dced78f9d895ea03cd507454eb5a7b77e841ecd1d45e44483b08c1e64d16a9b0342358d37586d87462ffc2d5f5bff5dfe77ed8d4f0aafc3b5b0347d5d16
  languageName: node
  linkType: hard

"has-symbols@npm:^1.1.0":
  version: 1.1.0
  resolution: "has-symbols@npm:1.1.0"
  checksum: b2316c7302a0e8ba3aaba215f834e96c22c86f192e7310bdf689dd0e6999510c89b00fbc5742571507cebf25764d68c988b3a0da217369a73596191ac0ce694b
  languageName: node
  linkType: hard

"hasown@npm:^2.0.2":
  version: 2.0.2
  resolution: "hasown@npm:2.0.2"
  dependencies:
    function-bind: ^1.1.2
  checksum: e8516f776a15149ca6c6ed2ae3110c417a00b62260e222590e54aa367cbcd6ed99122020b37b7fbdf05748df57b265e70095d7bf35a47660587619b15ffb93db
  languageName: node
  linkType: hard

"https-proxy-agent@npm:^7.0.1":
  version: 7.0.6
  resolution: "https-proxy-agent@npm:7.0.6"
  dependencies:
    agent-base: ^7.1.2
    debug: 4
  checksum: b882377a120aa0544846172e5db021fa8afbf83fea2a897d397bd2ddd8095ab268c24bc462f40a15f2a8c600bf4aa05ce52927f70038d4014e68aefecfa94e8d
  languageName: node
  linkType: hard

"is-stream@npm:^2.0.0":
  version: 2.0.1
  resolution: "is-stream@npm:2.0.1"
  checksum: b8e05ccdf96ac330ea83c12450304d4a591f9958c11fd17bed240af8d5ffe08aedafa4c0f4cfccd4d28dc9d4d129daca1023633d5c11601a6cbc77521f6fae66
  languageName: node
  linkType: hard

"json-bigint@npm:^1.0.0":
  version: 1.0.0
  resolution: "json-bigint@npm:1.0.0"
  dependencies:
    bignumber.js: ^9.0.0
  checksum: c67bb93ccb3c291e60eb4b62931403e378906aab113ec1c2a8dd0f9a7f065ad6fd9713d627b732abefae2e244ac9ce1721c7a3142b2979532f12b258634ce6f6
  languageName: node
  linkType: hard

"jwa@npm:^2.0.0":
  version: 2.0.0
  resolution: "jwa@npm:2.0.0"
  dependencies:
    buffer-equal-constant-time: 1.0.1
    ecdsa-sig-formatter: 1.0.11
    safe-buffer: ^5.0.1
  checksum: 8f00b71ad5fe94cb55006d0d19202f8f56889109caada2f7eeb63ca81755769ce87f4f48101967f398462e3b8ae4faebfbd5a0269cb755dead5d63c77ba4d2f1
  languageName: node
  linkType: hard

"jws@npm:^4.0.0":
  version: 4.0.0
  resolution: "jws@npm:4.0.0"
  dependencies:
    jwa: ^2.0.0
    safe-buffer: ^5.0.1
  checksum: d68d07aa6d1b8cb35c363a9bd2b48f15064d342a5d9dc18a250dbbce8dc06bd7e4792516c50baa16b8d14f61167c19e851fd7f66b59ecc68b7f6a013759765f7
  languageName: node
  linkType: hard

"math-intrinsics@npm:^1.1.0":
  version: 1.1.0
  resolution: "math-intrinsics@npm:1.1.0"
  checksum: 0e513b29d120f478c85a70f49da0b8b19bc638975eca466f2eeae0071f3ad00454c621bf66e16dd435896c208e719fc91ad79bbfba4e400fe0b372e7c1c9c9a2
  languageName: node
  linkType: hard

"ms@npm:^2.1.3":
  version: 2.1.3
  resolution: "ms@npm:2.1.3"
  checksum: aa92de608021b242401676e35cfa5aa42dd70cbdc082b916da7fb925c542173e36bce97ea3e804923fe92c0ad991434e4a38327e15a1b5b5f945d66df615ae6d
  languageName: node
  linkType: hard

"node-fetch@npm:^2.6.9":
  version: 2.7.0
  resolution: "node-fetch@npm:2.7.0"
  dependencies:
    whatwg-url: ^5.0.0
  peerDependencies:
    encoding: ^0.1.0
  peerDependenciesMeta:
    encoding:
      optional: true
  checksum: d76d2f5edb451a3f05b15115ec89fc6be39de37c6089f1b6368df03b91e1633fd379a7e01b7ab05089a25034b2023d959b47e59759cb38d88341b2459e89d6e5
  languageName: node
  linkType: hard

"object-inspect@npm:^1.13.3":
  version: 1.13.4
  resolution: "object-inspect@npm:1.13.4"
  checksum: 582810c6a8d2ef988ea0a39e69e115a138dad8f42dd445383b394877e5816eb4268489f316a6f74ee9c4e0a984b3eab1028e3e79d62b1ed67c726661d55c7a8b
  languageName: node
  linkType: hard

"once@npm:^1.4.0":
  version: 1.4.0
  resolution: "once@npm:1.4.0"
  dependencies:
    wrappy: 1
  checksum: cd0a88501333edd640d95f0d2700fbde6bff20b3d4d9bdc521bdd31af0656b5706570d6c6afe532045a20bb8dc0849f8332d6f2a416e0ba6d3d3b98806c7db68
  languageName: node
  linkType: hard

"qs@npm:^6.7.0":
  version: 6.14.0
  resolution: "qs@npm:6.14.0"
  dependencies:
    side-channel: ^1.1.0
  checksum: 189b52ad4e9a0da1a16aff4c58b2a554a8dad9bd7e287c7da7446059b49ca2e33a49e570480e8be406b87fccebf134f51c373cbce36c8c83859efa0c9b71d635
  languageName: node
  linkType: hard

"safe-buffer@npm:^5.0.1":
  version: 5.2.1
  resolution: "safe-buffer@npm:5.2.1"
  checksum: b99c4b41fdd67a6aaf280fcd05e9ffb0813654894223afb78a31f14a19ad220bba8aba1cb14eddce1fcfb037155fe6de4e861784eb434f7d11ed58d1e70dd491
  languageName: node
  linkType: hard

"side-channel-list@npm:^1.0.0":
  version: 1.0.0
  resolution: "side-channel-list@npm:1.0.0"
  dependencies:
    es-errors: ^1.3.0
    object-inspect: ^1.13.3
  checksum: 603b928997abd21c5a5f02ae6b9cc36b72e3176ad6827fab0417ead74580cc4fb4d5c7d0a8a2ff4ead34d0f9e35701ed7a41853dac8a6d1a664fcce1a044f86f
  languageName: node
  linkType: hard

"side-channel-map@npm:^1.0.1":
  version: 1.0.1
  resolution: "side-channel-map@npm:1.0.1"
  dependencies:
    call-bound: ^1.0.2
    es-errors: ^1.3.0
    get-intrinsic: ^1.2.5
    object-inspect: ^1.13.3
  checksum: 42501371cdf71f4ccbbc9c9e2eb00aaaab80a4c1c429d5e8da713fd4d39ef3b8d4a4b37ed4f275798a65260a551a7131fd87fe67e922dba4ac18586d6aab8b06
  languageName: node
  linkType: hard

"side-channel-weakmap@npm:^1.0.2":
  version: 1.0.2
  resolution: "side-channel-weakmap@npm:1.0.2"
  dependencies:
    call-bound: ^1.0.2
    es-errors: ^1.3.0
    get-intrinsic: ^1.2.5
    object-inspect: ^1.13.3
    side-channel-map: ^1.0.1
  checksum: a815c89bc78c5723c714ea1a77c938377ea710af20d4fb886d362b0d1f8ac73a17816a5f6640f354017d7e292a43da9c5e876c22145bac00b76cfb3468001736
  languageName: node
  linkType: hard

"side-channel@npm:^1.1.0":
  version: 1.1.0
  resolution: "side-channel@npm:1.1.0"
  dependencies:
    es-errors: ^1.3.0
    object-inspect: ^1.13.3
    side-channel-list: ^1.0.0
    side-channel-map: ^1.0.1
    side-channel-weakmap: ^1.0.2
  checksum: bf73d6d6682034603eb8e99c63b50155017ed78a522d27c2acec0388a792c3ede3238b878b953a08157093b85d05797217d270b7666ba1f111345fbe933380ff
  languageName: node
  linkType: hard

"tr46@npm:~0.0.3":
  version: 0.0.3
  resolution: "tr46@npm:0.0.3"
  checksum: 726321c5eaf41b5002e17ffbd1fb7245999a073e8979085dacd47c4b4e8068ff5777142fc6726d6ca1fd2ff16921b48788b87225cbc57c72636f6efa8efbffe3
  languageName: node
  linkType: hard

"tunnel@npm:^0.0.6":
  version: 0.0.6
  resolution: "tunnel@npm:0.0.6"
  checksum: c362948df9ad34b649b5585e54ce2838fa583aa3037091aaed66793c65b423a264e5229f0d7e9a95513a795ac2bd4cb72cda7e89a74313f182c1e9ae0b0994fa
  languageName: node
  linkType: hard

"typescript@npm:^5.8.2":
  version: 5.8.2
  resolution: "typescript@npm:5.8.2"
  bin:
    tsc: bin/tsc
    tsserver: bin/tsserver
  checksum: 7f9e3d7ac15da6df713e439e785e51facd65d6450d5f51fab3e8d2f2e3f4eb317080d895480b8e305450cdbcb37e17383e8bf521e7395f8b556e2f2a4730ed86
  languageName: node
  linkType: hard

"typescript@patch:typescript@^5.8.2#~builtin<compat/typescript>":
  version: 5.8.2
  resolution: "typescript@patch:typescript@npm%3A5.8.2#~builtin<compat/typescript>::version=5.8.2&hash=14eedb"
  bin:
    tsc: bin/tsc
    tsserver: bin/tsserver
  checksum: a58d19ff9811c1764a299dd83ca20ed8020f0ab642906dafc880121b710751227201531fdc99878158205c356ac79679b0b61ac5b42eda0e28bfb180947a258d
  languageName: node
  linkType: hard

"undici-types@npm:~6.20.0":
  version: 6.20.0
  resolution: "undici-types@npm:6.20.0"
  checksum: b7bc50f012dc6afbcce56c9fd62d7e86b20a62ff21f12b7b5cbf1973b9578d90f22a9c7fe50e638e96905d33893bf2f9f16d98929c4673c2480de05c6c96ea8b
  languageName: node
  linkType: hard

"undici@npm:^5.25.4":
  version: 5.28.5
  resolution: "undici@npm:5.28.5"
  dependencies:
    "@fastify/busboy": ^2.0.0
  checksum: a402d699a602a8feee1c0f78267467c8ffcbd7682267fec7a1307fd11554a32976a2307bf1cc8bf6ef7a667654336592fbd66d675df20ce28357536fb55a3a7d
  languageName: node
  linkType: hard

"universal-user-agent@npm:^6.0.0":
  version: 6.0.1
  resolution: "universal-user-agent@npm:6.0.1"
  checksum: fdc8e1ae48a05decfc7ded09b62071f571c7fe0bd793d700704c80cea316101d4eac15cc27ed2bb64f4ce166d2684777c3198b9ab16034f547abea0d3aa1c93c
  languageName: node
  linkType: hard

"url-template@npm:^2.0.8":
  version: 2.0.8
  resolution: "url-template@npm:2.0.8"
  checksum: 4183fccd74e3591e4154134d4443dccecba9c455c15c7df774f1f1e3fa340fd9bffb903b5beec347196d15ce49c34edf6dec0634a95d170ad6e78c0467d6e13e
  languageName: node
  linkType: hard

"uuid@npm:^9.0.0, uuid@npm:^9.0.1":
  version: 9.0.1
  resolution: "uuid@npm:9.0.1"
  bin:
    uuid: dist/bin/uuid
  checksum: 39931f6da74e307f51c0fb463dc2462807531dc80760a9bff1e35af4316131b4fc3203d16da60ae33f07fdca5b56f3f1dd662da0c99fea9aaeab2004780cc5f4
  languageName: node
  linkType: hard

"webidl-conversions@npm:^3.0.0":
  version: 3.0.1
  resolution: "webidl-conversions@npm:3.0.1"
  checksum: c92a0a6ab95314bde9c32e1d0a6dfac83b578f8fa5f21e675bc2706ed6981bc26b7eb7e6a1fab158e5ce4adf9caa4a0aee49a52505d4d13c7be545f15021b17c
  languageName: node
  linkType: hard

"whatwg-url@npm:^5.0.0":
  version: 5.0.0
  resolution: "whatwg-url@npm:5.0.0"
  dependencies:
    tr46: ~0.0.3
    webidl-conversions: ^3.0.0
  checksum: b8daed4ad3356cc4899048a15b2c143a9aed0dfae1f611ebd55073310c7b910f522ad75d727346ad64203d7e6c79ef25eafd465f4d12775ca44b90fa82ed9e2c
  languageName: node
  linkType: hard

"wrappy@npm:1":
  version: 1.0.2
  resolution: "wrappy@npm:1.0.2"
  checksum: 159da4805f7e84a3d003d8841557196034155008f817172d4e986bd591f74aa82aa7db55929a54222309e01079a65a92a9e6414da5a6aa4b01ee44a511ac3ee5
  languageName: node
  linkType: hard
